
Microsoft Visual Studio Solution File, Format Version 11.00
# Visual Studio 2010
Project("{FAE04EC0-301F-11D3-BF4B-00C04F79EFBC}") = "Options", "Options\Options.csproj", "{359E474E-CAA1-49DD-9BA4-FDCEC920880C}"
EndProject
Project("{FAE04EC0-301F-11D3-BF4B-00C04F79EFBC}") = "Options.Fixtures", "Options.Fixtures\Options.Fixtures.csproj", "{C154E98E-41F9-47E9-8AB7-2518A9BB6B92}"
EndProject
Global
	GlobalSection(SolutionConfigurationPlatforms) = preSolution
		Debug|Any CPU = Debug|Any CPU
		Release|Any CPU = Release|Any CPU
	EndGlobalSection
	GlobalSection(ProjectConfigurationPlatforms) = postSolution
		{359E474E-CAA1-49DD-9BA4-FDCEC920880C}.Debug|Any CPU.ActiveCfg = Debug|Any CPU
		{359E474E-CAA1-49DD-9BA4-FDCEC920880C}.Debug|Any CPU.Build.0 = Debug|Any CPU
		{359E474E-CAA1-49DD-9BA4-FDCEC920880C}.Release|Any CPU.ActiveCfg = Release|Any CPU
		{359E474E-CAA1-49DD-9BA4-FDCEC920880C}.Release|Any CPU.Build.0 = Release|Any CPU
		{C154E98E-41F9-47E9-8AB7-2518A9BB6B92}.Debug|Any CPU.ActiveCfg = Debug|Any CPU
		{C154E98E-41F9-47E9-8AB7-2518A9BB6B92}.Debug|Any CPU.Build.0 = Debug|Any CPU
		{C154E98E-41F9-47E9-8AB7-2518A9BB6B92}.Release|Any CPU.ActiveCfg = Release|Any CPU
		{C154E98E-41F9-47E9-8AB7-2518A9BB6B92}.Release|Any CPU.Build.0 = Release|Any CPU
	EndGlobalSection
	GlobalSection(SolutionProperties) = preSolution
		HideSolutionNode = FALSE
	EndGlobalSection
EndGlobal
