
Microsoft Visual Studio Solution File, Format Version 12.00
# Visual Studio 2012
Project("{FAE04EC0-301F-11D3-BF4B-00C04F79EFBC}") = "Options", "Options\Options.csproj", "{359E474E-CAA1-49DD-9BA4-FDCEC920880C}"
EndProject
Project("{FAE04EC0-301F-11D3-BF4B-00C04F79EFBC}") = "Options.Fixtures", "Options.Fixtures\Options.Fixtures.csproj", "{C154E98E-41F9-47E9-8AB7-2518A9BB6B92}"
EndProject
Project("{FAE04EC0-301F-11D3-BF4B-00C04F79EFBC}") = "Options.WinRT", "Options.WinRT\Options.WinRT.csproj", "{6E38F444-23B8-409E-B909-961573A4E346}"
EndProject
Project("{FAE04EC0-301F-11D3-BF4B-00C04F79EFBC}") = "Options.WindowsPhone8", "Options.WindowsPhone8\Options.WindowsPhone8.csproj", "{97778108-460A-44A5-9708-D13C85AF2AF7}"
EndProject
Project("{2150E333-8FDC-42A3-9474-1A3956D46DE8}") = ".nuget", ".nuget", "{13D239B9-AD26-4A31-8D74-B043E57B22C1}"
	ProjectSection(SolutionItems) = preProject
		.nuget\packages.config = .nuget\packages.config
	EndProjectSection
EndProject
Project("{2150E333-8FDC-42A3-9474-1A3956D46DE8}") = "Solution Items", "Solution Items", "{2B91E2B0-8795-411B-8EEF-C7BD85615A08}"
	ProjectSection(SolutionItems) = preProject
		..\build.proj = ..\build.proj
	EndProjectSection
EndProject
Global
	GlobalSection(SolutionConfigurationPlatforms) = preSolution
		Debug|Any CPU = Debug|Any CPU
		Debug|ARM = Debug|ARM
		Debug|x64 = Debug|x64
		Debug|x86 = Debug|x86
		Release|Any CPU = Release|Any CPU
		Release|ARM = Release|ARM
		Release|x64 = Release|x64
		Release|x86 = Release|x86
	EndGlobalSection
	GlobalSection(ProjectConfigurationPlatforms) = postSolution
		{359E474E-CAA1-49DD-9BA4-FDCEC920880C}.Debug|Any CPU.ActiveCfg = Debug|Any CPU
		{359E474E-CAA1-49DD-9BA4-FDCEC920880C}.Debug|Any CPU.Build.0 = Debug|Any CPU
		{359E474E-CAA1-49DD-9BA4-FDCEC920880C}.Debug|ARM.ActiveCfg = Debug|Any CPU
		{359E474E-CAA1-49DD-9BA4-FDCEC920880C}.Debug|x64.ActiveCfg = Debug|Any CPU
		{359E474E-CAA1-49DD-9BA4-FDCEC920880C}.Debug|x86.ActiveCfg = Debug|Any CPU
		{359E474E-CAA1-49DD-9BA4-FDCEC920880C}.Release|Any CPU.ActiveCfg = Release|Any CPU
		{359E474E-CAA1-49DD-9BA4-FDCEC920880C}.Release|Any CPU.Build.0 = Release|Any CPU
		{359E474E-CAA1-49DD-9BA4-FDCEC920880C}.Release|ARM.ActiveCfg = Release|Any CPU
		{359E474E-CAA1-49DD-9BA4-FDCEC920880C}.Release|x64.ActiveCfg = Release|Any CPU
		{359E474E-CAA1-49DD-9BA4-FDCEC920880C}.Release|x86.ActiveCfg = Release|Any CPU
		{C154E98E-41F9-47E9-8AB7-2518A9BB6B92}.Debug|Any CPU.ActiveCfg = Debug|Any CPU
		{C154E98E-41F9-47E9-8AB7-2518A9BB6B92}.Debug|Any CPU.Build.0 = Debug|Any CPU
		{C154E98E-41F9-47E9-8AB7-2518A9BB6B92}.Debug|ARM.ActiveCfg = Debug|Any CPU
		{C154E98E-41F9-47E9-8AB7-2518A9BB6B92}.Debug|x64.ActiveCfg = Debug|Any CPU
		{C154E98E-41F9-47E9-8AB7-2518A9BB6B92}.Debug|x86.ActiveCfg = Debug|Any CPU
		{C154E98E-41F9-47E9-8AB7-2518A9BB6B92}.Release|Any CPU.ActiveCfg = Release|Any CPU
		{C154E98E-41F9-47E9-8AB7-2518A9BB6B92}.Release|Any CPU.Build.0 = Release|Any CPU
		{C154E98E-41F9-47E9-8AB7-2518A9BB6B92}.Release|ARM.ActiveCfg = Release|Any CPU
		{C154E98E-41F9-47E9-8AB7-2518A9BB6B92}.Release|x64.ActiveCfg = Release|Any CPU
		{C154E98E-41F9-47E9-8AB7-2518A9BB6B92}.Release|x86.ActiveCfg = Release|Any CPU
		{6E38F444-23B8-409E-B909-961573A4E346}.Debug|Any CPU.ActiveCfg = Debug|Any CPU
		{6E38F444-23B8-409E-B909-961573A4E346}.Debug|Any CPU.Build.0 = Debug|Any CPU
		{6E38F444-23B8-409E-B909-961573A4E346}.Debug|ARM.ActiveCfg = Debug|ARM
		{6E38F444-23B8-409E-B909-961573A4E346}.Debug|ARM.Build.0 = Debug|ARM
		{6E38F444-23B8-409E-B909-961573A4E346}.Debug|x64.ActiveCfg = Debug|x64
		{6E38F444-23B8-409E-B909-961573A4E346}.Debug|x64.Build.0 = Debug|x64
		{6E38F444-23B8-409E-B909-961573A4E346}.Debug|x86.ActiveCfg = Debug|x86
		{6E38F444-23B8-409E-B909-961573A4E346}.Debug|x86.Build.0 = Debug|x86
		{6E38F444-23B8-409E-B909-961573A4E346}.Release|Any CPU.ActiveCfg = Release|Any CPU
		{6E38F444-23B8-409E-B909-961573A4E346}.Release|Any CPU.Build.0 = Release|Any CPU
		{6E38F444-23B8-409E-B909-961573A4E346}.Release|ARM.ActiveCfg = Release|ARM
		{6E38F444-23B8-409E-B909-961573A4E346}.Release|ARM.Build.0 = Release|ARM
		{6E38F444-23B8-409E-B909-961573A4E346}.Release|x64.ActiveCfg = Release|x64
		{6E38F444-23B8-409E-B909-961573A4E346}.Release|x64.Build.0 = Release|x64
		{6E38F444-23B8-409E-B909-961573A4E346}.Release|x86.ActiveCfg = Release|x86
		{6E38F444-23B8-409E-B909-961573A4E346}.Release|x86.Build.0 = Release|x86
		{97778108-460A-44A5-9708-D13C85AF2AF7}.Debug|Any CPU.ActiveCfg = Debug|Any CPU
		{97778108-460A-44A5-9708-D13C85AF2AF7}.Debug|Any CPU.Build.0 = Debug|Any CPU
		{97778108-460A-44A5-9708-D13C85AF2AF7}.Debug|ARM.ActiveCfg = Debug|ARM
		{97778108-460A-44A5-9708-D13C85AF2AF7}.Debug|ARM.Build.0 = Debug|ARM
		{97778108-460A-44A5-9708-D13C85AF2AF7}.Debug|x64.ActiveCfg = Debug|Any CPU
		{97778108-460A-44A5-9708-D13C85AF2AF7}.Debug|x86.ActiveCfg = Debug|x86
		{97778108-460A-44A5-9708-D13C85AF2AF7}.Debug|x86.Build.0 = Debug|x86
		{97778108-460A-44A5-9708-D13C85AF2AF7}.Release|Any CPU.ActiveCfg = Release|Any CPU
		{97778108-460A-44A5-9708-D13C85AF2AF7}.Release|Any CPU.Build.0 = Release|Any CPU
		{97778108-460A-44A5-9708-D13C85AF2AF7}.Release|ARM.ActiveCfg = Release|ARM
		{97778108-460A-44A5-9708-D13C85AF2AF7}.Release|ARM.Build.0 = Release|ARM
		{97778108-460A-44A5-9708-D13C85AF2AF7}.Release|x64.ActiveCfg = Release|Any CPU
		{97778108-460A-44A5-9708-D13C85AF2AF7}.Release|x86.ActiveCfg = Release|x86
		{97778108-460A-44A5-9708-D13C85AF2AF7}.Release|x86.Build.0 = Release|x86
	EndGlobalSection
	GlobalSection(SolutionProperties) = preSolution
		HideSolutionNode = FALSE
	EndGlobalSection
EndGlobal
